
Microsoft Visual Studio Solution File, Format Version 12.00
# Visual Studio Version 17
VisualStudioVersion = 17.1.32210.238
MinimumVisualStudioVersion = 10.0.40219.1
Project("{9A19103F-16F7-4668-BE54-9A1E7A4F7556}") = "F1Telemetry", "F1TelemetryConnection\F1Telemetry.csproj", "{2D501BAA-611E-4760-8F93-DCDBA17888A8}"
EndProject
Project("{9A19103F-16F7-4668-BE54-9A1E7A4F7556}") = "F1TelemetryApp", "F1TelemetryClient\F1TelemetryApp.csproj", "{66EADF2B-D7B8-48FC-BD27-38634DC8495A}"
EndProject
Global
	GlobalSection(SolutionConfigurationPlatforms) = preSolution
		Debug|Any CPU = Debug|Any CPU
		Debug|ARM = Debug|ARM
		Debug|iPhone = Debug|iPhone
		Debug|iPhoneSimulator = Debug|iPhoneSimulator
		Debug|x64 = Debug|x64
		Debug|x86 = Debug|x86
		Release|Any CPU = Release|Any CPU
		Release|ARM = Release|ARM
		Release|iPhone = Release|iPhone
		Release|iPhoneSimulator = Release|iPhoneSimulator
		Release|x64 = Release|x64
		Release|x86 = Release|x86
	EndGlobalSection
	GlobalSection(ProjectConfigurationPlatforms) = postSolution
		{2D501BAA-611E-4760-8F93-DCDBA17888A8}.Debug|Any CPU.ActiveCfg = Debug|Any CPU
		{2D501BAA-611E-4760-8F93-DCDBA17888A8}.Debug|Any CPU.Build.0 = Debug|Any CPU
		{2D501BAA-611E-4760-8F93-DCDBA17888A8}.Debug|ARM.ActiveCfg = Debug|Any CPU
		{2D501BAA-611E-4760-8F93-DCDBA17888A8}.Debug|ARM.Build.0 = Debug|Any CPU
		{2D501BAA-611E-4760-8F93-DCDBA17888A8}.Debug|iPhone.ActiveCfg = Debug|Any CPU
		{2D501BAA-611E-4760-8F93-DCDBA17888A8}.Debug|iPhone.Build.0 = Debug|Any CPU
		{2D501BAA-611E-4760-8F93-DCDBA17888A8}.Debug|iPhoneSimulator.ActiveCfg = Debug|Any CPU
		{2D501BAA-611E-4760-8F93-DCDBA17888A8}.Debug|iPhoneSimulator.Build.0 = Debug|Any CPU
		{2D501BAA-611E-4760-8F93-DCDBA17888A8}.Debug|x64.ActiveCfg = Debug|Any CPU
		{2D501BAA-611E-4760-8F93-DCDBA17888A8}.Debug|x64.Build.0 = Debug|Any CPU
		{2D501BAA-611E-4760-8F93-DCDBA17888A8}.Debug|x86.ActiveCfg = Debug|Any CPU
		{2D501BAA-611E-4760-8F93-DCDBA17888A8}.Debug|x86.Build.0 = Debug|Any CPU
		{2D501BAA-611E-4760-8F93-DCDBA17888A8}.Release|Any CPU.ActiveCfg = Release|Any CPU
		{2D501BAA-611E-4760-8F93-DCDBA17888A8}.Release|Any CPU.Build.0 = Release|Any CPU
		{2D501BAA-611E-4760-8F93-DCDBA17888A8}.Release|ARM.ActiveCfg = Release|Any CPU
		{2D501BAA-611E-4760-8F93-DCDBA17888A8}.Release|ARM.Build.0 = Release|Any CPU
		{2D501BAA-611E-4760-8F93-DCDBA17888A8}.Release|iPhone.ActiveCfg = Release|Any CPU
		{2D501BAA-611E-4760-8F93-DCDBA17888A8}.Release|iPhone.Build.0 = Release|Any CPU
		{2D501BAA-611E-4760-8F93-DCDBA17888A8}.Release|iPhoneSimulator.ActiveCfg = Release|Any CPU
		{2D501BAA-611E-4760-8F93-DCDBA17888A8}.Release|iPhoneSimulator.Build.0 = Release|Any CPU
		{2D501BAA-611E-4760-8F93-DCDBA17888A8}.Release|x64.ActiveCfg = Release|Any CPU
		{2D501BAA-611E-4760-8F93-DCDBA17888A8}.Release|x64.Build.0 = Release|Any CPU
		{2D501BAA-611E-4760-8F93-DCDBA17888A8}.Release|x86.ActiveCfg = Release|Any CPU
		{2D501BAA-611E-4760-8F93-DCDBA17888A8}.Release|x86.Build.0 = Release|Any CPU
		{66EADF2B-D7B8-48FC-BD27-38634DC8495A}.Debug|Any CPU.ActiveCfg = Debug|Any CPU
		{66EADF2B-D7B8-48FC-BD27-38634DC8495A}.Debug|Any CPU.Build.0 = Debug|Any CPU
		{66EADF2B-D7B8-48FC-BD27-38634DC8495A}.Debug|ARM.ActiveCfg = Debug|Any CPU
		{66EADF2B-D7B8-48FC-BD27-38634DC8495A}.Debug|ARM.Build.0 = Debug|Any CPU
		{66EADF2B-D7B8-48FC-BD27-38634DC8495A}.Debug|iPhone.ActiveCfg = Debug|Any CPU
		{66EADF2B-D7B8-48FC-BD27-38634DC8495A}.Debug|iPhone.Build.0 = Debug|Any CPU
		{66EADF2B-D7B8-48FC-BD27-38634DC8495A}.Debug|iPhoneSimulator.ActiveCfg = Debug|Any CPU
		{66EADF2B-D7B8-48FC-BD27-38634DC8495A}.Debug|iPhoneSimulator.Build.0 = Debug|Any CPU
		{66EADF2B-D7B8-48FC-BD27-38634DC8495A}.Debug|x64.ActiveCfg = Debug|Any CPU
		{66EADF2B-D7B8-48FC-BD27-38634DC8495A}.Debug|x64.Build.0 = Debug|Any CPU
		{66EADF2B-D7B8-48FC-BD27-38634DC8495A}.Debug|x86.ActiveCfg = Debug|Any CPU
		{66EADF2B-D7B8-48FC-BD27-38634DC8495A}.Debug|x86.Build.0 = Debug|Any CPU
		{66EADF2B-D7B8-48FC-BD27-38634DC8495A}.Release|Any CPU.ActiveCfg = Release|Any CPU
		{66EADF2B-D7B8-48FC-BD27-38634DC8495A}.Release|Any CPU.Build.0 = Release|Any CPU
		{66EADF2B-D7B8-48FC-BD27-38634DC8495A}.Release|ARM.ActiveCfg = Release|Any CPU
		{66EADF2B-D7B8-48FC-BD27-38634DC8495A}.Release|ARM.Build.0 = Release|Any CPU
		{66EADF2B-D7B8-48FC-BD27-38634DC8495A}.Release|iPhone.ActiveCfg = Release|Any CPU
		{66EADF2B-D7B8-48FC-BD27-38634DC8495A}.Release|iPhone.Build.0 = Release|Any CPU
		{66EADF2B-D7B8-48FC-BD27-38634DC8495A}.Release|iPhoneSimulator.ActiveCfg = Release|Any CPU
		{66EADF2B-D7B8-48FC-BD27-38634DC8495A}.Release|iPhoneSimulator.Build.0 = Release|Any CPU
		{66EADF2B-D7B8-48FC-BD27-38634DC8495A}.Release|x64.ActiveCfg = Release|Any CPU
		{66EADF2B-D7B8-48FC-BD27-38634DC8495A}.Release|x64.Build.0 = Release|Any CPU
		{66EADF2B-D7B8-48FC-BD27-38634DC8495A}.Release|x86.ActiveCfg = Release|Any CPU
		{66EADF2B-D7B8-48FC-BD27-38634DC8495A}.Release|x86.Build.0 = Release|Any CPU
	EndGlobalSection
	GlobalSection(SolutionProperties) = preSolution
		HideSolutionNode = FALSE
	EndGlobalSection
	GlobalSection(ExtensibilityGlobals) = postSolution
		SolutionGuid = {9865D270-07C2-44F3-B679-6E2BE26F12CB}
	EndGlobalSection
EndGlobal
